
Microsoft Visual Studio Solution File, Format Version 12.00
# Visual Studio 15
VisualStudioVersion = 15.0.26124.0
MinimumVisualStudioVersion = 15.0.26124.0
Project("{2150E333-8FDC-42A3-9474-1A3956D46DE8}") = "src", "src", "{3FDAB7DC-612C-4E0A-B489-D9011DB2609F}"
EndProject
Project("{FAE04EC0-301F-11D3-BF4B-00C04F79EFBC}") = "SampleFluentValidation.Models", "src\SampleFluentValidation.Models\SampleFluentValidation.Models.csproj", "{FF0D6B83-F07E-4FC2-9505-46D618745626}"
EndProject
Project("{FAE04EC0-301F-11D3-BF4B-00C04F79EFBC}") = "SampleFluentValidation.WebApi", "src\SampleFluentValidation.WebApi\SampleFluentValidation.WebApi.csproj", "{8F124A2B-40B2-498C-8E93-DE33F3CBABCE}"
EndProject
Global
	GlobalSection(SolutionConfigurationPlatforms) = preSolution
		Debug|Any CPU = Debug|Any CPU
		Debug|x64 = Debug|x64
		Debug|x86 = Debug|x86
		Release|Any CPU = Release|Any CPU
		Release|x64 = Release|x64
		Release|x86 = Release|x86
	EndGlobalSection
	GlobalSection(SolutionProperties) = preSolution
		HideSolutionNode = FALSE
	EndGlobalSection
	GlobalSection(ProjectConfigurationPlatforms) = postSolution
		{FF0D6B83-F07E-4FC2-9505-46D618745626}.Debug|Any CPU.ActiveCfg = Debug|Any CPU
		{FF0D6B83-F07E-4FC2-9505-46D618745626}.Debug|Any CPU.Build.0 = Debug|Any CPU
		{FF0D6B83-F07E-4FC2-9505-46D618745626}.Debug|x64.ActiveCfg = Debug|Any CPU
		{FF0D6B83-F07E-4FC2-9505-46D618745626}.Debug|x64.Build.0 = Debug|Any CPU
		{FF0D6B83-F07E-4FC2-9505-46D618745626}.Debug|x86.ActiveCfg = Debug|Any CPU
		{FF0D6B83-F07E-4FC2-9505-46D618745626}.Debug|x86.Build.0 = Debug|Any CPU
		{FF0D6B83-F07E-4FC2-9505-46D618745626}.Release|Any CPU.ActiveCfg = Release|Any CPU
		{FF0D6B83-F07E-4FC2-9505-46D618745626}.Release|Any CPU.Build.0 = Release|Any CPU
		{FF0D6B83-F07E-4FC2-9505-46D618745626}.Release|x64.ActiveCfg = Release|Any CPU
		{FF0D6B83-F07E-4FC2-9505-46D618745626}.Release|x64.Build.0 = Release|Any CPU
		{FF0D6B83-F07E-4FC2-9505-46D618745626}.Release|x86.ActiveCfg = Release|Any CPU
		{FF0D6B83-F07E-4FC2-9505-46D618745626}.Release|x86.Build.0 = Release|Any CPU
		{8F124A2B-40B2-498C-8E93-DE33F3CBABCE}.Debug|Any CPU.ActiveCfg = Debug|Any CPU
		{8F124A2B-40B2-498C-8E93-DE33F3CBABCE}.Debug|Any CPU.Build.0 = Debug|Any CPU
		{8F124A2B-40B2-498C-8E93-DE33F3CBABCE}.Debug|x64.ActiveCfg = Debug|Any CPU
		{8F124A2B-40B2-498C-8E93-DE33F3CBABCE}.Debug|x64.Build.0 = Debug|Any CPU
		{8F124A2B-40B2-498C-8E93-DE33F3CBABCE}.Debug|x86.ActiveCfg = Debug|Any CPU
		{8F124A2B-40B2-498C-8E93-DE33F3CBABCE}.Debug|x86.Build.0 = Debug|Any CPU
		{8F124A2B-40B2-498C-8E93-DE33F3CBABCE}.Release|Any CPU.ActiveCfg = Release|Any CPU
		{8F124A2B-40B2-498C-8E93-DE33F3CBABCE}.Release|Any CPU.Build.0 = Release|Any CPU
		{8F124A2B-40B2-498C-8E93-DE33F3CBABCE}.Release|x64.ActiveCfg = Release|Any CPU
		{8F124A2B-40B2-498C-8E93-DE33F3CBABCE}.Release|x64.Build.0 = Release|Any CPU
		{8F124A2B-40B2-498C-8E93-DE33F3CBABCE}.Release|x86.ActiveCfg = Release|Any CPU
		{8F124A2B-40B2-498C-8E93-DE33F3CBABCE}.Release|x86.Build.0 = Release|Any CPU
	EndGlobalSection
	GlobalSection(NestedProjects) = preSolution
		{FF0D6B83-F07E-4FC2-9505-46D618745626} = {3FDAB7DC-612C-4E0A-B489-D9011DB2609F}
		{8F124A2B-40B2-498C-8E93-DE33F3CBABCE} = {3FDAB7DC-612C-4E0A-B489-D9011DB2609F}
	EndGlobalSection
EndGlobal
